Microsoft Visual Studio Solution File, Format Version 12.00
# Visual Studio Version 17
VisualStudioVersion = 17.5.2.0
MinimumVisualStudioVersion = 10.0.40219.1
Project("{FAE04EC0-301F-11D3-BF4B-00C04F79EFBC}") = "hello-semantic-kernel-app", "hello-semantic-kernel-app\hello-semantic-kernel-app.csproj", "{5064A6B8-77F4-5B05-28A4-C214332269B1}"
EndProject
Global
	GlobalSection(SolutionConfigurationPlatforms) = preSolution
		Debug|Any CPU = Debug|Any CPU
		Release|Any CPU = Release|Any CPU
	EndGlobalSection
	GlobalSection(ProjectConfigurationPlatforms) = postSolution
		{5064A6B8-77F4-5B05-28A4-C214332269B1}.Debug|Any CPU.ActiveCfg = Debug|Any CPU
		{5064A6B8-77F4-5B05-28A4-C214332269B1}.Debug|Any CPU.Build.0 = Debug|Any CPU
		{5064A6B8-77F4-5B05-28A4-C214332269B1}.Release|Any CPU.ActiveCfg = Release|Any CPU
		{5064A6B8-77F4-5B05-28A4-C214332269B1}.Release|Any CPU.Build.0 = Release|Any CPU
	EndGlobalSection
	GlobalSection(SolutionProperties) = preSolution
		HideSolutionNode = FALSE
	EndGlobalSection
	GlobalSection(ExtensibilityGlobals) = postSolution
		SolutionGuid = {211D927E-FBEB-4B44-B869-A6D47A4DEDF0}
	EndGlobalSection
EndGlobal
